
Microsoft Visual Studio Solution File, Format Version 12.00
# Visual Studio Version 17
VisualStudioVersion = 17.3.32804.467
MinimumVisualStudioVersion = 10.0.40219.1
Project("{FAE04EC0-301F-11D3-BF4B-00C04F79EFBC}") = "Galactia", "Galactia\Galactia.csproj", "{97EEFA9A-8ADC-455B-87F9-5AE20DF661D9}"
EndProject
Global
	GlobalSection(SolutionConfigurationPlatforms) = preSolution
		Debug|Any CPU = Debug|Any CPU
		Release|Any CPU = Release|Any CPU
	EndGlobalSection
	GlobalSection(ProjectConfigurationPlatforms) = postSolution
		{97EEFA9A-8ADC-455B-87F9-5AE20DF661D9}.Debug|Any CPU.ActiveCfg = Debug|Any CPU
		{97EEFA9A-8ADC-455B-87F9-5AE20DF661D9}.Debug|Any CPU.Build.0 = Debug|Any CPU
		{97EEFA9A-8ADC-455B-87F9-5AE20DF661D9}.Release|Any CPU.ActiveCfg = Release|Any CPU
		{97EEFA9A-8ADC-455B-87F9-5AE20DF661D9}.Release|Any CPU.Build.0 = Release|Any CPU
	EndGlobalSection
	GlobalSection(SolutionProperties) = preSolution
		HideSolutionNode = FALSE
	EndGlobalSection
	GlobalSection(ExtensibilityGlobals) = postSolution
		SolutionGuid = {EF7A87C8-08F6-4564-83A4-C47ED1AD8798}
	EndGlobalSection
EndGlobal
